// !$*UTF8*$!
{
	archiveVersion = 1;
	classes = {
	};
	objectVersion = 46;
	objects = {

/* Begin PBXBuildFile section */
		B232EB0719561C720047D54F /* Cocoa.framework in Frameworks */ = {isa = PBXBuildFile; fileRef = B232EB0619561C720047D54F /* Cocoa.framework */; };
		B232EB1119561C720047D54F /* InfoPlist.strings in Resources */ = {isa = PBXBuildFile; fileRef = B232EB0F19561C720047D54F /* InfoPlist.strings */; };
		B232EB1319561C720047D54F /* main.m in Sources */ = {isa = PBXBuildFile; fileRef = B232EB1219561C720047D54F /* main.m */; };
		B232EB1719561C720047D54F /* Credits.rtf in Resources */ = {isa = PBXBuildFile; fileRef = B232EB1519561C720047D54F /* Credits.rtf */; };
		B232EB1A19561C720047D54F /* oglMVAppDelegate.m in Sources */ = {isa = PBXBuildFile; fileRef = B232EB1919561C720047D54F /* oglMVAppDelegate.m */; };
		B232EB1D19561C720047D54F /* MainMenu.xib in Resources */ = {isa = PBXBuildFile; fileRef = B232EB1B19561C720047D54F /* MainMenu.xib */; };
		B232EB1F19561C720047D54F /* Images.xcassets in Resources */ = {isa = PBXBuildFile; fileRef = B232EB1E19561C720047D54F /* Images.xcassets */; };
		B232EB2619561C720047D54F /* XCTest.framework in Frameworks */ = {isa = PBXBuildFile; fileRef = B232EB2519561C720047D54F /* XCTest.framework */; };
		B232EB2719561C720047D54F /* Cocoa.framework in Frameworks */ = {isa = PBXBuildFile; fileRef = B232EB0619561C720047D54F /* Cocoa.framework */; };
		B232EB2F19561C720047D54F /* InfoPlist.strings in Resources */ = {isa = PBXBuildFile; fileRef = B232EB2D19561C720047D54F /* InfoPlist.strings */; };
		B232EB3119561C720047D54F /* oglModelViewerTests.m in Sources */ = {isa = PBXBuildFile; fileRef = B232EB3019561C720047D54F /* oglModelViewerTests.m */; };
		B233960B19C6643300F6BD7D /* oglMVConfig.m in Sources */ = {isa = PBXBuildFile; fileRef = B233960A19C6643300F6BD7D /* oglMVConfig.m */; };
		B233960D19C6665400F6BD7D /* config.plist in Resources */ = {isa = PBXBuildFile; fileRef = B233960C19C6665400F6BD7D /* config.plist */; };
		B28ABC761956BC6700D67075 /* oglMVOpenGLView.m in Sources */ = {isa = PBXBuildFile; fileRef = B28ABC751956BC6700D67075 /* oglMVOpenGLView.m */; };
		B2DC076719C1227E00C3F748 /* oglMVMesh.m in Sources */ = {isa = PBXBuildFile; fileRef = B2DC076619C1227E00C3F748 /* oglMVMesh.m */; };
		B2DC076A19C1228C00C3F748 /* oglMVModel.m in Sources */ = {isa = PBXBuildFile; fileRef = B2DC076919C1228C00C3F748 /* oglMVModel.m */; };
		B2EB6E8F19BFD08000E9C203 /* GLKit.framework in Frameworks */ = {isa = PBXBuildFile; fileRef = B2EB6E8E19BFD08000E9C203 /* GLKit.framework */; };
		B2F83A1819B4F60B001CF4D2 /* oglMVCamera.m in Sources */ = {isa = PBXBuildFile; fileRef = B2F83A1719B4F60B001CF4D2 /* oglMVCamera.m */; };
/* End PBXBuildFile section */

/* Begin PBXContainerItemProxy section */
		B232EB2819561C720047D54F /* PBXContainerItemProxy */ = {
			isa = PBXContainerItemProxy;
			containerPortal = B232EAFB19561C720047D54F /* Project object */;
			proxyType = 1;
			remoteGlobalIDString = B232EB0219561C720047D54F;
			remoteInfo = oglModelViewer;
		};
/* End PBXContainerItemProxy section */

/* Begin PBXFileReference section */
		B232EB0319561C720047D54F /* oglModelViewer.app */ = {isa = PBXFileReference; explicitFileType = wrapper.application; includeInIndex = 0; path = oglModelViewer.app; sourceTree = BUILT_PRODUCTS_DIR; };
		B232EB0619561C720047D54F /* Cocoa.framework */ = {isa = PBXFileReference; lastKnownFileType = wrapper.framework; name = Cocoa.framework; path = System/Library/Frameworks/Cocoa.framework; sourceTree = SDKROOT; };
		B232EB0919561C720047D54F /* AppKit.framework */ = {isa = PBXFileReference; lastKnownFileType = wrapper.framework; name = AppKit.framework; path = System/Library/Frameworks/AppKit.framework; sourceTree = SDKROOT; };
		B232EB0A19561C720047D54F /* CoreData.framework */ = {isa = PBXFileReference; lastKnownFileType = wrapper.framework; name = CoreData.framework; path = System/Library/Frameworks/CoreData.framework; sourceTree = SDKROOT; };
		B232EB0B19561C720047D54F /* Foundation.framework */ = {isa = PBXFileReference; lastKnownFileType = wrapper.framework; name = Foundation.framework; path = System/Library/Frameworks/Foundation.framework; sourceTree = SDKROOT; };
		B232EB0E19561C720047D54F /* oglModelViewer-Info.plist */ = {isa = PBXFileReference; lastKnownFileType = text.plist.xml; path = "oglModelViewer-Info.plist"; sourceTree = "<group>"; };
		B232EB1019561C720047D54F /* en */ = {isa = PBXFileReference; lastKnownFileType = text.plist.strings; name = en; path = en.lproj/InfoPlist.strings; sourceTree = "<group>"; };
		B232EB1219561C720047D54F /* main.m */ = {isa = PBXFileReference; lastKnownFileType = sourcecode.c.objc; path = main.m; sourceTree = "<group>"; };
		B232EB1419561C720047D54F /* oglModelViewer-Prefix.pch */ = {isa = PBXFileReference; lastKnownFileType = sourcecode.c.h; path = "oglModelViewer-Prefix.pch"; sourceTree = "<group>"; };
		B232EB1619561C720047D54F /* en */ = {isa = PBXFileReference; lastKnownFileType = text.rtf; name = en; path = en.lproj/Credits.rtf; sourceTree = "<group>"; };
		B232EB1819561C720047D54F /* oglMVAppDelegate.h */ = {isa = PBXFileReference; lastKnownFileType = sourcecode.c.h; path = oglMVAppDelegate.h; sourceTree = "<group>"; };
		B232EB1919561C720047D54F /* oglMVAppDelegate.m */ = {isa = PBXFileReference; lastKnownFileType = sourcecode.c.objc; path = oglMVAppDelegate.m; sourceTree = "<group>"; };
		B232EB1C19561C720047D54F /* Base */ = {isa = PBXFileReference; lastKnownFileType = file.xib; name = Base; path = Base.lproj/MainMenu.xib; sourceTree = "<group>"; };
		B232EB1E19561C720047D54F /* Images.xcassets */ = {isa = PBXFileReference; lastKnownFileType = folder.assetcatalog; path = Images.xcassets; sourceTree = "<group>"; };
		B232EB2419561C720047D54F /* oglModelViewerTests.xctest */ = {isa = PBXFileReference; explicitFileType = wrapper.cfbundle; includeInIndex = 0; path = oglModelViewerTests.xctest; sourceTree = BUILT_PRODUCTS_DIR; };
		B232EB2519561C720047D54F /* XCTest.framework */ = {isa = PBXFileReference; lastKnownFileType = wrapper.framework; name = XCTest.framework; path = Library/Frameworks/XCTest.framework; sourceTree = DEVELOPER_DIR; };
		B232EB2C19561C720047D54F /* oglModelViewerTests-Info.plist */ = {isa = PBXFileReference; lastKnownFileType = text.plist.xml; path = "oglModelViewerTests-Info.plist"; sourceTree = "<group>"; };
		B232EB2E19561C720047D54F /* en */ = {isa = PBXFileReference; lastKnownFileType = text.plist.strings; name = en; path = en.lproj/InfoPlist.strings; sourceTree = "<group>"; };
		B232EB3019561C720047D54F /* oglModelViewerTests.m */ = {isa = PBXFileReference; lastKnownFileType = sourcecode.c.objc; path = oglModelViewerTests.m; sourceTree = "<group>"; };
		B233960919C6643300F6BD7D /* oglMVConfig.h */ = {isa = PBXFileReference; fileEncoding = 4; lastKnownFileType = sourcecode.c.h; path = oglMVConfig.h; sourceTree = "<group>"; };
		B233960A19C6643300F6BD7D /* oglMVConfig.m */ = {isa = PBXFileReference; fileEncoding = 4; lastKnownFileType = sourcecode.c.objc; path = oglMVConfig.m; sourceTree = "<group>"; };
		B233960C19C6665400F6BD7D /* config.plist */ = {isa = PBXFileReference; fileEncoding = 4; lastKnownFileType = text.plist.xml; path = config.plist; sourceTree = "<group>"; };
		B28ABC741956BC6700D67075 /* oglMVOpenGLView.h */ = {isa = PBXFileReference; fileEncoding = 4; lastKnownFileType = sourcecode.c.h; path = oglMVOpenGLView.h; sourceTree = "<group>"; };
		B28ABC751956BC6700D67075 /* oglMVOpenGLView.m */ = {isa = PBXFileReference; fileEncoding = 4; lastKnownFileType = sourcecode.c.objc; path = oglMVOpenGLView.m; sourceTree = "<group>"; };
		B2DC076519C1227E00C3F748 /* oglMVMesh.h */ = {isa = PBXFileReference; fileEncoding = 4; lastKnownFileType = sourcecode.c.h; path = oglMVMesh.h; sourceTree = "<group>"; };
		B2DC076619C1227E00C3F748 /* oglMVMesh.m */ = {isa = PBXFileReference; fileEncoding = 4; lastKnownFileType = sourcecode.c.objc; path = oglMVMesh.m; sourceTree = "<group>"; };
		B2DC076819C1228C00C3F748 /* oglMVModel.h */ = {isa = PBXFileReference; fileEncoding = 4; lastKnownFileType = sourcecode.c.h; path = oglMVModel.h; sourceTree = "<group>"; };
		B2DC076919C1228C00C3F748 /* oglMVModel.m */ = {isa = PBXFileReference; fileEncoding = 4; lastKnownFileType = sourcecode.c.objc; path = oglMVModel.m; sourceTree = "<group>"; };
		B2EB6E8C19BFAE6C00E9C203 /* Accelerate.framework */ = {isa = PBXFileReference; lastKnownFileType = wrapper.framework; name = Accelerate.framework; path = System/Library/Frameworks/Accelerate.framework; sourceTree = SDKROOT; };
		B2EB6E8E19BFD08000E9C203 /* GLKit.framework */ = {isa = PBXFileReference; lastKnownFileType = wrapper.framework; name = GLKit.framework; path = System/Library/Frameworks/GLKit.framework; sourceTree = SDKROOT; };
		B2F83A1619B4F60B001CF4D2 /* oglMVCamera.h */ = {isa = PBXFileReference; fileEncoding = 4; lastKnownFileType = sourcecode.c.h; path = oglMVCamera.h; sourceTree = "<group>"; };
		B2F83A1719B4F60B001CF4D2 /* oglMVCamera.m */ = {isa = PBXFileReference; fileEncoding = 4; lastKnownFileType = sourcecode.c.objc; path = oglMVCamera.m; sourceTree = "<group>"; };
/* End PBXFileReference section */

/* Begin PBXFrameworksBuildPhase section */
		B232EB0019561C720047D54F /* Frameworks */ = {
			isa = PBXFrameworksBuildPhase;
			buildActionMask = 2147483647;
			files = (
				B2EB6E8F19BFD08000E9C203 /* GLKit.framework in Frameworks */,
				B232EB0719561C720047D54F /* Cocoa.framework in Frameworks */,
			);
			runOnlyForDeploymentPostprocessing = 0;
		};
		B232EB2119561C720047D54F /* Frameworks */ = {
			isa = PBXFrameworksBuildPhase;
			buildActionMask = 2147483647;
			files = (
				B232EB2719561C720047D54F /* Cocoa.framework in Frameworks */,
				B232EB2619561C720047D54F /* XCTest.framework in Frameworks */,
			);
			runOnlyForDeploymentPostprocessing = 0;
		};
/* End PBXFrameworksBuildPhase section */

/* Begin PBXGroup section */
		B232EAFA19561C720047D54F = {
			isa = PBXGroup;
			children = (
				B233960C19C6665400F6BD7D /* config.plist */,
				B233960919C6643300F6BD7D /* oglMVConfig.h */,
				B233960A19C6643300F6BD7D /* oglMVConfig.m */,
				B2DC076819C1228C00C3F748 /* oglMVModel.h */,
				B2DC076919C1228C00C3F748 /* oglMVModel.m */,
				B2DC076519C1227E00C3F748 /* oglMVMesh.h */,
				B2DC076619C1227E00C3F748 /* oglMVMesh.m */,
				B2F83A1619B4F60B001CF4D2 /* oglMVCamera.h */,
				B2F83A1719B4F60B001CF4D2 /* oglMVCamera.m */,
				B28ABC741956BC6700D67075 /* oglMVOpenGLView.h */,
				B28ABC751956BC6700D67075 /* oglMVOpenGLView.m */,
				B232EB0C19561C720047D54F /* oglModelViewer */,
				B232EB2A19561C720047D54F /* oglModelViewerTests */,
				B232EB0519561C720047D54F /* Frameworks */,
				B232EB0419561C720047D54F /* Products */,
			);
			sourceTree = "<group>";
		};
		B232EB0419561C720047D54F /* Products */ = {
			isa = PBXGroup;
			children = (
				B232EB0319561C720047D54F /* oglModelViewer.app */,
				B232EB2419561C720047D54F /* oglModelViewerTests.xctest */,
			);
			name = Products;
			sourceTree = "<group>";
		};
		B232EB0519561C720047D54F /* Frameworks */ = {
			isa = PBXGroup;
			children = (
				B2EB6E8E19BFD08000E9C203 /* GLKit.framework */,
				B2EB6E8C19BFAE6C00E9C203 /* Accelerate.framework */,
				B232EB0619561C720047D54F /* Cocoa.framework */,
				B232EB2519561C720047D54F /* XCTest.framework */,
				B232EB0819561C720047D54F /* Other Frameworks */,
			);
			name = Frameworks;
			sourceTree = "<group>";
		};
		B232EB0819561C720047D54F /* Other Frameworks */ = {
			isa = PBXGroup;
			children = (
				B232EB0919561C720047D54F /* AppKit.framework */,
				B232EB0A19561C720047D54F /* CoreData.framework */,
				B232EB0B19561C720047D54F /* Foundation.framework */,
			);
			name = "Other Frameworks";
			sourceTree = "<group>";
		};
		B232EB0C19561C720047D54F /* oglModelViewer */ = {
			isa = PBXGroup;
			children = (
				B232EB1819561C720047D54F /* oglMVAppDelegate.h */,
				B232EB1919561C720047D54F /* oglMVAppDelegate.m */,
				B232EB1B19561C720047D54F /* MainMenu.xib */,
				B232EB1E19561C720047D54F /* Images.xcassets */,
				B232EB0D19561C720047D54F /* Supporting Files */,
			);
			path = oglModelViewer;
			sourceTree = "<group>";
		};
		B232EB0D19561C720047D54F /* Supporting Files */ = {
			isa = PBXGroup;
			children = (
				B232EB0E19561C720047D54F /* oglModelViewer-Info.plist */,
				B232EB0F19561C720047D54F /* InfoPlist.strings */,
				B232EB1219561C720047D54F /* main.m */,
				B232EB1419561C720047D54F /* oglModelViewer-Prefix.pch */,
				B232EB1519561C720047D54F /* Credits.rtf */,
			);
			name = "Supporting Files";
			sourceTree = "<group>";
		};
		B232EB2A19561C720047D54F /* oglModelViewerTests */ = {
			isa = PBXGroup;
			children = (
				B232EB3019561C720047D54F /* oglModelViewerTests.m */,
				B232EB2B19561C720047D54F /* Supporting Files */,
			);
			path = oglModelViewerTests;
			sourceTree = "<group>";
		};
		B232EB2B19561C720047D54F /* Supporting Files */ = {
			isa = PBXGroup;
			children = (
				B232EB2C19561C720047D54F /* oglModelViewerTests-Info.plist */,
				B232EB2D19561C720047D54F /* InfoPlist.strings */,
			);
			name = "Supporting Files";
			sourceTree = "<group>";
		};
/* End PBXGroup section */

/* Begin PBXNativeTarget section */
		B232EB0219561C720047D54F /* oglModelViewer */ = {
			isa = PBXNativeTarget;
			buildConfigurationList = B232EB3419561C720047D54F /* Build configuration list for PBXNativeTarget "oglModelViewer" */;
			buildPhases = (
				B232EAFF19561C720047D54F /* Sources */,
				B232EB0019561C720047D54F /* Frameworks */,
				B232EB0119561C720047D54F /* Resources */,
			);
			buildRules = (
			);
			dependencies = (
			);
			name = oglModelViewer;
			productName = oglModelViewer;
			productReference = B232EB0319561C720047D54F /* oglModelViewer.app */;
			productType = "com.apple.product-type.application";
		};
		B232EB2319561C720047D54F /* oglModelViewerTests */ = {
			isa = PBXNativeTarget;
			buildConfigurationList = B232EB3719561C720047D54F /* Build configuration list for PBXNativeTarget "oglModelViewerTests" */;
			buildPhases = (
				B232EB2019561C720047D54F /* Sources */,
				B232EB2119561C720047D54F /* Frameworks */,
				B232EB2219561C720047D54F /* Resources */,
			);
			buildRules = (
			);
			dependencies = (
				B232EB2919561C720047D54F /* PBXTargetDependency */,
			);
			name = oglModelViewerTests;
			productName = oglModelViewerTests;
			productReference = B232EB2419561C720047D54F /* oglModelViewerTests.xctest */;
			productType = "com.apple.product-type.bundle.unit-test";
		};
/* End PBXNativeTarget section */

/* Begin PBXProject section */
		B232EAFB19561C720047D54F /* Project object */ = {
			isa = PBXProject;
			attributes = {
				CLASSPREFIX = oglMV;
				LastUpgradeCheck = 0510;
				ORGANIZATIONNAME = apios;
				TargetAttributes = {
					B232EB2319561C720047D54F = {
						TestTargetID = B232EB0219561C720047D54F;
					};
				};
			};
			buildConfigurationList = B232EAFE19561C720047D54F /* Build configuration list for PBXProject "oglModelViewer" */;
			compatibilityVersion = "Xcode 3.2";
			developmentRegion = English;
			hasScannedForEncodings = 0;
			knownRegions = (
				en,
				Base,
			);
			mainGroup = B232EAFA19561C720047D54F;
			productRefGroup = B232EB0419561C720047D54F /* Products */;
			projectDirPath = "";
			projectRoot = "";
			targets = (
				B232EB0219561C720047D54F /* oglModelViewer */,
				B232EB2319561C720047D54F /* oglModelViewerTests */,
			);
		};
/* End PBXProject section */

/* Begin PBXResourcesBuildPhase section */
		B232EB0119561C720047D54F /* Resources */ = {
			isa = PBXResourcesBuildPhase;
			buildActionMask = 2147483647;
			files = (
				B232EB1119561C720047D54F /* InfoPlist.strings in Resources */,
				B232EB1F19561C720047D54F /* Images.xcassets in Resources */,
				B232EB1719561C720047D54F /* Credits.rtf in Resources */,
				B232EB1D19561C720047D54F /* MainMenu.xib in Resources */,
				B233960D19C6665400F6BD7D /* config.plist in Resources */,
			);
			runOnlyForDeploymentPostprocessing = 0;
		};
		B232EB2219561C720047D54F /* Resources */ = {
			isa = PBXResourcesBuildPhase;
			buildActionMask = 2147483647;
			files = (
				B232EB2F19561C720047D54F /* InfoPlist.strings in Resources */,
			);
			runOnlyForDeploymentPostprocessing = 0;
		};
/* End PBXResourcesBuildPhase section */

/* Begin PBXSourcesBuildPhase section */
		B232EAFF19561C720047D54F /* Sources */ = {
			isa = PBXSourcesBuildPhase;
			buildActionMask = 2147483647;
			files = (
				B232EB1A19561C720047D54F /* oglMVAppDelegate.m in Sources */,
				B233960B19C6643300F6BD7D /* oglMVConfig.m in Sources */,
				B232EB1319561C720047D54F /* main.m in Sources */,
				B2F83A1819B4F60B001CF4D2 /* oglMVCamera.m in Sources */,
				B2DC076A19C1228C00C3F748 /* oglMVModel.m in Sources */,
				B2DC076719C1227E00C3F748 /* oglMVMesh.m in Sources */,
				B28ABC761956BC6700D67075 /* oglMVOpenGLView.m in Sources */,
			);
			runOnlyForDeploymentPostprocessing = 0;
		};
		B232EB2019561C720047D54F /* Sources */ = {
			isa = PBXSourcesBuildPhase;
			buildActionMask = 2147483647;
			files = (
				B232EB3119561C720047D54F /* oglModelViewerTests.m in Sources */,
			);
			runOnlyForDeploymentPostprocessing = 0;
		};
/* End PBXSourcesBuildPhase section */

/* Begin PBXTargetDependency section */
		B232EB2919561C720047D54F /* PBXTargetDependency */ = {
			isa = PBXTargetDependency;
			target = B232EB0219561C720047D54F /* oglModelViewer */;
			targetProxy = B232EB2819561C720047D54F /* PBXContainerItemProxy */;
		};
/* End PBXTargetDependency section */

/* Begin PBXVariantGroup section */
		B232EB0F19561C720047D54F /* InfoPlist.strings */ = {
			isa = PBXVariantGroup;
			children = (
				B232EB1019561C720047D54F /* en */,
			);
			name = InfoPlist.strings;
			sourceTree = "<group>";
		};
		B232EB1519561C720047D54F /* Credits.rtf */ = {
			isa = PBXVariantGroup;
			children = (
				B232EB1619561C720047D54F /* en */,
			);
			name = Credits.rtf;
			sourceTree = "<group>";
		};
		B232EB1B19561C720047D54F /* MainMenu.xib */ = {
			isa = PBXVariantGroup;
			children = (
				B232EB1C19561C720047D54F /* Base */,
			);
			name = MainMenu.xib;
			sourceTree = "<group>";
		};
		B232EB2D19561C720047D54F /* InfoPlist.strings */ = {
			isa = PBXVariantGroup;
			children = (
				B232EB2E19561C720047D54F /* en */,
			);
			name = InfoPlist.strings;
			sourceTree = "<group>";
		};
/* End PBXVariantGroup section */

/* Begin XCBuildConfiguration section */
		B232EB3219561C720047D54F /* Debug */ = {
			isa = XCBuildConfiguration;
			buildSettings = {
				ALWAYS_SEARCH_USER_PATHS = NO;
				CLANG_CXX_LANGUAGE_STANDARD = "gnu++0x";
				CLANG_CXX_LIBRARY = "libc++";
				CLANG_ENABLE_MODULES = YES;
				CLANG_ENABLE_OBJC_ARC = YES;
				CLANG_WARN_BOOL_CONVERSION = YES;
				CLANG_WARN_CONSTANT_CONVERSION = YES;
				CLANG_WARN_DIRECT_OBJC_ISA_USAGE = YES_ERROR;
				CLANG_WARN_EMPTY_BODY = YES;
				CLANG_WARN_ENUM_CONVERSION = YES;
				CLANG_WARN_INT_CONVERSION = YES;
				CLANG_WARN_OBJC_ROOT_CLASS = YES_ERROR;
				CLANG_WARN__DUPLICATE_METHOD_MATCH = YES;
				COPY_PHASE_STRIP = NO;
				GCC_C_LANGUAGE_STANDARD = gnu99;
				GCC_DYNAMIC_NO_PIC = NO;
				GCC_ENABLE_OBJC_EXCEPTIONS = YES;
				GCC_OPTIMIZATION_LEVEL = 0;
				GCC_PREPROCESSOR_DEFINITIONS = (
					"DEBUG=1",
					"$(inherited)",
				);
				GCC_SYMBOLS_PRIVATE_EXTERN = NO;
				GCC_WARN_64_TO_32_BIT_CONVERSION = YES;
				GCC_WARN_ABOUT_RETURN_TYPE = YES_ERROR;
				GCC_WARN_UNDECLARED_SELECTOR = YES;
				GCC_WARN_UNINITIALIZED_AUTOS = YES_AGGRESSIVE;
				GCC_WARN_UNUSED_FUNCTION = YES;
				GCC_WARN_UNUSED_VARIABLE = YES;
				MACOSX_DEPLOYMENT_TARGET = 10.9;
				ONLY_ACTIVE_ARCH = YES;
				SDKROOT = macosx;
			};
			name = Debug;
		};
		B232EB3319561C720047D54F /* Release */ = {
			isa = XCBuildConfiguration;
			buildSettings = {
				ALWAYS_SEARCH_USER_PATHS = NO;
				CLANG_CXX_LANGUAGE_STANDARD = "gnu++0x";
				CLANG_CXX_LIBRARY = "libc++";
				CLANG_ENABLE_MODULES = YES;
				CLANG_ENABLE_OBJC_ARC = YES;
				CLANG_WARN_BOOL_CONVERSION = YES;
				CLANG_WARN_CONSTANT_CONVERSION = YES;
				CLANG_WARN_DIRECT_OBJC_ISA_USAGE = YES_ERROR;
				CLANG_WARN_EMPTY_BODY = YES;
				CLANG_WARN_ENUM_CONVERSION = YES;
				CLANG_WARN_INT_CONVERSION = YES;
				CLANG_WARN_OBJC_ROOT_CLASS = YES_ERROR;
				CLANG_WARN__DUPLICATE_METHOD_MATCH = YES;
				COPY_PHASE_STRIP = YES;
				DEBUG_INFORMATION_FORMAT = "dwarf-with-dsym";
				ENABLE_NS_ASSERTIONS = NO;
				GCC_C_LANGUAGE_STANDARD = gnu99;
				GCC_ENABLE_OBJC_EXCEPTIONS = YES;
				GCC_WARN_64_TO_32_BIT_CONVERSION = YES;
				GCC_WARN_ABOUT_RETURN_TYPE = YES_ERROR;
				GCC_WARN_UNDECLARED_SELECTOR = YES;
				GCC_WARN_UNINITIALIZED_AUTOS = YES_AGGRESSIVE;
				GCC_WARN_UNUSED_FUNCTION = YES;
				GCC_WARN_UNUSED_VARIABLE = YES;
				MACOSX_DEPLOYMENT_TARGET = 10.9;
				SDKROOT = macosx;
			};
			name = Release;
		};
		B232EB3519561C720047D54F /* Debug */ = {
			isa = XCBuildConfiguration;
			buildSettings = {
				ASSETCATALOG_COMPILER_APPICON_NAME = AppIcon;
				COMBINE_HIDPI_IMAGES = YES;
				GCC_PRECOMPILE_PREFIX_HEADER = YES;
				GCC_PREFIX_HEADER = "oglModelViewer/oglModelViewer-Prefix.pch";
				INFOPLIST_FILE = "oglModelViewer/oglModelViewer-Info.plist";
				PRODUCT_NAME = "$(TARGET_NAME)";
				WRAPPER_EXTENSION = app;
			};
			name = Debug;
		};
		B232EB3619561C720047D54F /* Release */ = {
			isa = XCBuildConfiguration;
			buildSettings = {
				ASSETCATALOG_COMPILER_APPICON_NAME = AppIcon;
				COMBINE_HIDPI_IMAGES = YES;
				GCC_PRECOMPILE_PREFIX_HEADER = YES;
				GCC_PREFIX_HEADER = "oglModelViewer/oglModelViewer-Prefix.pch";
				INFOPLIST_FILE = "oglModelViewer/oglModelViewer-Info.plist";
				PRODUCT_NAME = "$(TARGET_NAME)";
				WRAPPER_EXTENSION = app;
			};
			name = Release;
		};
		B232EB3819561C720047D54F /* Debug */ = {
			isa = XCBuildConfiguration;
			buildSettings = {
				BUNDLE_LOADER = "$(BUILT_PRODUCTS_DIR)/oglModelViewer.app/Contents/MacOS/oglModelViewer";
				COMBINE_HIDPI_IMAGES = YES;
				FRAMEWORK_SEARCH_PATHS = (
					"$(DEVELOPER_FRAMEWORKS_DIR)",
					"$(inherited)",
				);
				GCC_PRECOMPILE_PREFIX_HEADER = YES;
				GCC_PREFIX_HEADER = "oglModelViewer/oglModelViewer-Prefix.pch";
				GCC_PREPROCESSOR_DEFINITIONS = (
					"DEBUG=1",
					"$(inherited)",
				);
				INFOPLIST_FILE = "oglModelViewerTests/oglModelViewerTests-Info.plist";
				PRODUCT_NAME = "$(TARGET_NAME)";
				TEST_HOST = "$(BUNDLE_LOADER)";
				WRAPPER_EXTENSION = xctest;
			};
			name = Debug;
		};
		B232EB3919561C720047D54F /* Release */ = {
			isa = XCBuildConfiguration;
			buildSettings = {
				BUNDLE_LOADER = "$(BUILT_PRODUCTS_DIR)/oglModelViewer.app/Contents/MacOS/oglModelViewer";
				COMBINE_HIDPI_IMAGES = YES;
				FRAMEWORK_SEARCH_PATHS = (
					"$(DEVELOPER_FRAMEWORKS_DIR)",
					"$(inherited)",
				);
				GCC_PRECOMPILE_PREFIX_HEADER = YES;
				GCC_PREFIX_HEADER = "oglModelViewer/oglModelViewer-Prefix.pch";
				INFOPLIST_FILE = "oglModelViewerTests/oglModelViewerTests-Info.plist";
				PRODUCT_NAME = "$(TARGET_NAME)";
				TEST_HOST = "$(BUNDLE_LOADER)";
				WRAPPER_EXTENSION = xctest;
			};
			name = Release;
		};
/* End XCBuildConfiguration section */

/* Begin XCConfigurationList section */
		B232EAFE19561C720047D54F /* Build configuration list for PBXProject "oglModelViewer" */ = {
			isa = XCConfigurationList;
			buildConfigurations = (
				B232EB3219561C720047D54F /* Debug */,
				B232EB3319561C720047D54F /* Release */,
			);
			defaultConfigurationIsVisible = 0;
			defaultConfigurationName = Release;
		};
		B232EB3419561C720047D54F /* Build configuration list for PBXNativeTarget "oglModelViewer" */ = {
			isa = XCConfigurationList;
			buildConfigurations = (
				B232EB3519561C720047D54F /* Debug */,
				B232EB3619561C720047D54F /* Release */,
			);
			defaultConfigurationIsVisible = 0;
			defaultConfigurationName = Release;
		};
		B232EB3719561C720047D54F /* Build configuration list for PBXNativeTarget "oglModelViewerTests" */ = {
			isa = XCConfigurationList;
			buildConfigurations = (
				B232EB3819561C720047D54F /* Debug */,
				B232EB3919561C720047D54F /* Release */,
			);
			defaultConfigurationIsVisible = 0;
			defaultConfigurationName = Release;
		};
/* End XCConfigurationList section */
	};
	rootObject = B232EAFB19561C720047D54F /* Project object */;
}
